
// !$*UTF8*$!
{
	archiveVersion = 1;
	classes = {
	};
	objectVersion = 48;
	objects = {

/* Begin PBXBuildFile section */
		61FF09931F73262A007E7DD8 /* AppDelegate.swift in Sources */ = {isa = PBXBuildFile; fileRef = 61FF09921F73262A007E7DD8 /* AppDelegate.swift */; };
		61FF09951F73262A007E7DD8 /* ViewController.swift in Sources */ = {isa = PBXBuildFile; fileRef = 61FF09941F73262A007E7DD8 /* ViewController.swift */; };
		61FF09971F73262A007E7DD8 /* Assets.xcassets in Resources */ = {isa = PBXBuildFile; fileRef = 61FF09961F73262A007E7DD8 /* Assets.xcassets */; };
		61FF099A1F73262A007E7DD8 /* Main.storyboard in Resources */ = {isa = PBXBuildFile; fileRef = 61FF09981F73262A007E7DD8 /* Main.storyboard */; };
/* End PBXBuildFile section */

/* Begin PBXFileReference section */
		61FF098F1F73262A007E7DD8 /* MachineKuruLearning.app */ = {isa = PBXFileReference; explicitFileType = wrapper.application; includeInIndex = 0; path = MachineKuruLearning.app; sourceTree = BUILT_PRODUCTS_DIR; };
		61FF09921F73262A007E7DD8 /* AppDelegate.swift */ = {isa = PBXFileReference; lastKnownFileType = sourcecode.swift; path = AppDelegate.swift; sourceTree = "<group>"; };
		61FF09941F73262A007E7DD8 /* ViewController.swift */ = {isa = PBXFileReference; lastKnownFileType = sourcecode.swift; path = ViewController.swift; sourceTree = "<group>"; };
		61FF09961F73262A007E7DD8 /* Assets.xcassets */ = {isa = PBXFileReference; lastKnownFileType = folder.assetcatalog; path = Assets.xcassets; sourceTree = "<group>"; };
		61FF09991F73262A007E7DD8 /* Base */ = {isa = PBXFileReference; lastKnownFileType = file.storyboard; name = Base; path = Base.lproj/Main.storyboard; sourceTree = "<group>"; };
		61FF099B1F73262A007E7DD8 /* Info.plist */ = {isa = PBXFileReference; lastKnownFileType = text.plist.xml; path = Info.plist; sourceTree = "<group>"; };
		61FF099C1F73262A007E7DD8 /* MachineKuruLearning.entitlements */ = {isa = PBXFileReference; lastKnownFileType = text.plist.entitlements; path = MachineKuruLearning.entitlements; sourceTree = "<group>"; };
/* End PBXFileReference section */

/* Begin PBXFrameworksBuildPhase section */
		61FF098C1F73262A007E7DD8 /* Frameworks */ = {
			isa = PBXFrameworksBuildPhase;
			buildActionMask = 2147483647;
			files = (
			);
			runOnlyForDeploymentPostprocessing = 0;
		};
/* End PBXFrameworksBuildPhase section */

/* Begin PBXGroup section */
		61FF09861F73262A007E7DD8 = {
			isa = PBXGroup;
			children = (
				61FF09911F73262A007E7DD8 /* MachineKuruLearning */,
				61FF09901F73262A007E7DD8 /* Products */,
			);
			sourceTree = "<group>";
		};
		61FF09901F73262A007E7DD8 /* Products */ = {
			isa = PBXGroup;
			children = (
				61FF098F1F73262A007E7DD8 /* MachineKuruLearning.app */,
			);
			name = Products;
			sourceTree = "<group>";
		};
		61FF09911F73262A007E7DD8 /* MachineKuruLearning */ = {
			isa = PBXGroup;
			children = (
				61FF09921F73262A007E7DD8 /* AppDelegate.swift */,
				61FF09941F73262A007E7DD8 /* ViewController.swift */,
				61FF09961F73262A007E7DD8 /* Assets.xcassets */,
				61FF09981F73262A007E7DD8 /* Main.storyboard */,
				61FF099B1F73262A007E7DD8 /* Info.plist */,
				61FF099C1F73262A007E7DD8 /* MachineKuruLearning.entitlements */,
			);
			path = MachineKuruLearning;
			sourceTree = "<group>";
		};
/* End PBXGroup section */

/* Begin PBXNativeTarget section */
		61FF098E1F73262A007E7DD8 /* MachineKuruLearning */ = {
			isa = PBXNativeTarget;
			buildConfigurationList = 61FF099F1F73262A007E7DD8 /* Build configuration list for PBXNativeTarget "MachineKuruLearning" */;
			buildPhases = (
				61FF098B1F73262A007E7DD8 /* Sources */,
				61FF098C1F73262A007E7DD8 /* Frameworks */,
				61FF098D1F73262A007E7DD8 /* Resources */,
			);
			buildRules = (
			);
			dependencies = (
			);
			name = MachineKuruLearning;
			productName = MachineKuruLearning;
			productReference = 61FF098F1F73262A007E7DD8 /* MachineKuruLearning.app */;
			productType = "com.apple.product-type.application";
		};
/* End PBXNativeTarget section */
