
// !$*UTF8*$!
{
	archiveVersion = 1;
	classes = {
	};
	objectVersion = 48;
	objects = {

/* Begin PBXBuildFile section */
		61FF09931F73262A007E7DD8 /* AppDelegate.swift in Sources */ = {isa = PBXBuildFile; fileRef = 61FF09921F73262A007E7DD8 /* AppDelegate.swift */; };
		61FF09951F73262A007E7DD8 /* ViewController.swift in Sources */ = {isa = PBXBuildFile; fileRef = 61FF09941F73262A007E7DD8 /* ViewController.swift */; };